{
  "name": "Vigen-Repository",
  "lockfileVersion": 2,
  "requires": true,
  "packages": {
    "": {
      "dependencies": {
        "sweetalert2": "^11.4.36"
      }
    },
    "node_modules/sweetalert2": {
      "version": "11.4.36",
      "resolved": "https://registry.npmjs.org/sweetalert2/-/sweetalert2-11.4.36.tgz",
      "integrity": "sha512-9c9Cj7wn+1ekv2sKcBrgsTbx8malW+11NInepn+0wWeejXFQUeJUxt27ASpo1GdS4CfeHfN9UXBDvU519y0ygw==",
      "funding": {
        "type": "individual",
        "url": "https://sweetalert2.github.io/#donations"
      }
    }
  },
  "dependencies": {
    "sweetalert2": {
      "version": "11.4.36",
      "resolved": "https://registry.npmjs.org/sweetalert2/-/sweetalert2-11.4.36.tgz",
      "integrity": "sha512-9c9Cj7wn+1ekv2sKcBrgsTbx8malW+11NInepn+0wWeejXFQUeJUxt27ASpo1GdS4CfeHfN9UXBDvU519y0ygw=="
    }
  }
}
